lockfileVersion: '9.0'

settings:
  autoInstallPeers: true
  excludeLinksFromLockfile: false

importers:

  .:
    dependencies:
      v0-sdk:
        specifier: ^0.16.4
        version: 0.16.4

packages:

  v0-sdk@0.16.4:
    resolution: {integrity: sha512-ByYyxGbdx1Ab/sTpIK5krf/aK7ATvjWxRiBlqR3f4C4BMh+PzfRzkG/dhOe1lYDYRORQfT4a+SqWcXIGqNsF9w==}
    engines: {node: '>=22', pnpm: '>=9'}

snapshots:

  v0-sdk@0.16.4: {}
